
Microsoft Visual Studio Solution File, Format Version 12.00
# Visual Studio Version 17
VisualStudioVersion = 17.9.34622.214
MinimumVisualStudioVersion = 10.0.40219.1
Project("{8BC9CEB8-8B4A-11D0-8D11-00A0C91BC942}") = "SortsAlgoriphm", "SortsAlgoriphm\SortsAlgoriphm.vcxproj", "{38DA1FB8-F1EC-4CA4-A7DD-B7B8E1CAD2BF}"
EndProject
Project("{8BC9CEB8-8B4A-11D0-8D11-00A0C91BC942}") = "Benchmark_Average", "Benchmark\Benchmark.vcxproj", "{BF00E8D2-E21D-444D-8FA6-31C80B11FDD3}"
EndProject
Project("{8BC9CEB8-8B4A-11D0-8D11-00A0C91BC942}") = "SortsUnitTest", "SortsUnitTest\SortsUnitTest.vcxproj", "{7059559E-96B1-45CB-ADEF-5B2A9C6EA50B}"
EndProject
Project("{8BC9CEB8-8B4A-11D0-8D11-00A0C91BC942}") = "CompSwapMoveAnalize", "CompSwapMoveAnalize\CompSwapMoveAnalize.vcxproj", "{8B641BA5-4D8B-488C-BE18-7A735BFF6416}"
EndProject
Project("{8BC9CEB8-8B4A-11D0-8D11-00A0C91BC942}") = "Examples", "Examples\Examples.vcxproj", "{87CC8A96-9780-426D-9C7B-FA0EA075B078}"
EndProject
Global
	GlobalSection(SolutionConfigurationPlatforms) = preSolution
		Debug|x64 = Debug|x64
		Debug|x86 = Debug|x86
		Release|x64 = Release|x64
		Release|x86 = Release|x86
	EndGlobalSection
	GlobalSection(ProjectConfigurationPlatforms) = postSolution
		{38DA1FB8-F1EC-4CA4-A7DD-B7B8E1CAD2BF}.Debug|x64.ActiveCfg = Debug|x64
		{38DA1FB8-F1EC-4CA4-A7DD-B7B8E1CAD2BF}.Debug|x64.Build.0 = Debug|x64
		{38DA1FB8-F1EC-4CA4-A7DD-B7B8E1CAD2BF}.Debug|x86.ActiveCfg = Debug|Win32
		{38DA1FB8-F1EC-4CA4-A7DD-B7B8E1CAD2BF}.Debug|x86.Build.0 = Debug|Win32
		{38DA1FB8-F1EC-4CA4-A7DD-B7B8E1CAD2BF}.Release|x64.ActiveCfg = Release|x64
		{38DA1FB8-F1EC-4CA4-A7DD-B7B8E1CAD2BF}.Release|x64.Build.0 = Release|x64
		{38DA1FB8-F1EC-4CA4-A7DD-B7B8E1CAD2BF}.Release|x86.ActiveCfg = Release|Win32
		{38DA1FB8-F1EC-4CA4-A7DD-B7B8E1CAD2BF}.Release|x86.Build.0 = Release|Win32
		{BF00E8D2-E21D-444D-8FA6-31C80B11FDD3}.Debug|x64.ActiveCfg = Debug|x64
		{BF00E8D2-E21D-444D-8FA6-31C80B11FDD3}.Debug|x64.Build.0 = Debug|x64
		{BF00E8D2-E21D-444D-8FA6-31C80B11FDD3}.Debug|x86.ActiveCfg = Debug|Win32
		{BF00E8D2-E21D-444D-8FA6-31C80B11FDD3}.Debug|x86.Build.0 = Debug|Win32
		{BF00E8D2-E21D-444D-8FA6-31C80B11FDD3}.Release|x64.ActiveCfg = Release|x64
		{BF00E8D2-E21D-444D-8FA6-31C80B11FDD3}.Release|x64.Build.0 = Release|x64
		{BF00E8D2-E21D-444D-8FA6-31C80B11FDD3}.Release|x86.ActiveCfg = Release|Win32
		{BF00E8D2-E21D-444D-8FA6-31C80B11FDD3}.Release|x86.Build.0 = Release|Win32
		{7059559E-96B1-45CB-ADEF-5B2A9C6EA50B}.Debug|x64.ActiveCfg = Debug|x64
		{7059559E-96B1-45CB-ADEF-5B2A9C6EA50B}.Debug|x64.Build.0 = Debug|x64
		{7059559E-96B1-45CB-ADEF-5B2A9C6EA50B}.Debug|x86.ActiveCfg = Debug|Win32
		{7059559E-96B1-45CB-ADEF-5B2A9C6EA50B}.Debug|x86.Build.0 = Debug|Win32
		{7059559E-96B1-45CB-ADEF-5B2A9C6EA50B}.Release|x64.ActiveCfg = Release|x64
		{7059559E-96B1-45CB-ADEF-5B2A9C6EA50B}.Release|x64.Build.0 = Release|x64
		{7059559E-96B1-45CB-ADEF-5B2A9C6EA50B}.Release|x86.ActiveCfg = Release|Win32
		{7059559E-96B1-45CB-ADEF-5B2A9C6EA50B}.Release|x86.Build.0 = Release|Win32
		{8B641BA5-4D8B-488C-BE18-7A735BFF6416}.Debug|x64.ActiveCfg = Debug|x64
		{8B641BA5-4D8B-488C-BE18-7A735BFF6416}.Debug|x64.Build.0 = Debug|x64
		{8B641BA5-4D8B-488C-BE18-7A735BFF6416}.Debug|x86.ActiveCfg = Debug|Win32
		{8B641BA5-4D8B-488C-BE18-7A735BFF6416}.Debug|x86.Build.0 = Debug|Win32
		{8B641BA5-4D8B-488C-BE18-7A735BFF6416}.Release|x64.ActiveCfg = Release|x64
		{8B641BA5-4D8B-488C-BE18-7A735BFF6416}.Release|x64.Build.0 = Release|x64
		{8B641BA5-4D8B-488C-BE18-7A735BFF6416}.Release|x86.ActiveCfg = Release|Win32
		{8B641BA5-4D8B-488C-BE18-7A735BFF6416}.Release|x86.Build.0 = Release|Win32
		{87CC8A96-9780-426D-9C7B-FA0EA075B078}.Debug|x64.ActiveCfg = Debug|x64
		{87CC8A96-9780-426D-9C7B-FA0EA075B078}.Debug|x64.Build.0 = Debug|x64
		{87CC8A96-9780-426D-9C7B-FA0EA075B078}.Debug|x86.ActiveCfg = Debug|Win32
		{87CC8A96-9780-426D-9C7B-FA0EA075B078}.Debug|x86.Build.0 = Debug|Win32
		{87CC8A96-9780-426D-9C7B-FA0EA075B078}.Release|x64.ActiveCfg = Release|x64
		{87CC8A96-9780-426D-9C7B-FA0EA075B078}.Release|x64.Build.0 = Release|x64
		{87CC8A96-9780-426D-9C7B-FA0EA075B078}.Release|x86.ActiveCfg = Release|Win32
		{87CC8A96-9780-426D-9C7B-FA0EA075B078}.Release|x86.Build.0 = Release|Win32
	EndGlobalSection
	GlobalSection(SolutionProperties) = preSolution
		HideSolutionNode = FALSE
	EndGlobalSection
	GlobalSection(ExtensibilityGlobals) = postSolution
		SolutionGuid = {9F4D45A6-7F92-4455-8F6B-B3D7033E50CC}
	EndGlobalSection
EndGlobal
